
Microsoft Visual Studio Solution File, Format Version 12.00
# Visual Studio Version 16
VisualStudioVersion = 16.0.31911.196
MinimumVisualStudioVersion = 10.0.40219.1
Project("{FAE04EC0-301F-11D3-BF4B-00C04F79EFBC}") = "mail_client", "mail_client\mail_client.csproj", "{5A96E96D-6653-4C5C-88C0-D7410A8C6DDF}"
EndProject
Global
	GlobalSection(SolutionConfigurationPlatforms) = preSolution
		Debug|Any CPU = Debug|Any CPU
		Release|Any CPU = Release|Any CPU
	EndGlobalSection
	GlobalSection(ProjectConfigurationPlatforms) = postSolution
		{5A96E96D-6653-4C5C-88C0-D7410A8C6DDF}.Debug|Any CPU.ActiveCfg = Debug|Any CPU
		{5A96E96D-6653-4C5C-88C0-D7410A8C6DDF}.Debug|Any CPU.Build.0 = Debug|Any CPU
		{5A96E96D-6653-4C5C-88C0-D7410A8C6DDF}.Release|Any CPU.ActiveCfg = Release|Any CPU
		{5A96E96D-6653-4C5C-88C0-D7410A8C6DDF}.Release|Any CPU.Build.0 = Release|Any CPU
	EndGlobalSection
	GlobalSection(SolutionProperties) = preSolution
		HideSolutionNode = FALSE
	EndGlobalSection
	GlobalSection(ExtensibilityGlobals) = postSolution
		SolutionGuid = {BEB555EF-688E-4FFA-8CBE-484B42699536}
	EndGlobalSection
EndGlobal
